
Microsoft Visual Studio Solution File, Format Version 12.00
# Visual Studio Version 17
VisualStudioVersion = 17.1.32228.430
MinimumVisualStudioVersion = 10.0.40219.1
Project("{9A19103F-16F7-4668-BE54-9A1E7A4F7556}") = "ApiLayer", "pms.backend\ApiLayer.csproj", "{6D347DE7-AF84-49E0-B43C-8168BA9AB15A}"
EndProject
Project("{9A19103F-16F7-4668-BE54-9A1E7A4F7556}") = "DataLayer", "DataAccessLayer\DataLayer.csproj", "{069B8621-6323-4C13-9787-A8A898469053}"
EndProject
Project("{9A19103F-16F7-4668-BE54-9A1E7A4F7556}") = "BusinessLayer", "BusinessAccessLayer\BusinessLayer.csproj", "{47859159-38D1-4B87-8D99-F9CEB2EC651E}"
EndProject
Project("{9A19103F-16F7-4668-BE54-9A1E7A4F7556}") = "pms.unittests", "pms.unittests\pms.unittests.csproj", "{5E9B4ED2-C35C-40BE-8708-7F9F60B6A90C}"
EndProject
Global
	GlobalSection(SolutionConfigurationPlatforms) = preSolution
		Debug|Any CPU = Debug|Any CPU
		Release|Any CPU = Release|Any CPU
	EndGlobalSection
	GlobalSection(ProjectConfigurationPlatforms) = postSolution
		{6D347DE7-AF84-49E0-B43C-8168BA9AB15A}.Debug|Any CPU.ActiveCfg = Debug|Any CPU
		{6D347DE7-AF84-49E0-B43C-8168BA9AB15A}.Debug|Any CPU.Build.0 = Debug|Any CPU
		{6D347DE7-AF84-49E0-B43C-8168BA9AB15A}.Release|Any CPU.ActiveCfg = Release|Any CPU
		{6D347DE7-AF84-49E0-B43C-8168BA9AB15A}.Release|Any CPU.Build.0 = Release|Any CPU
		{069B8621-6323-4C13-9787-A8A898469053}.Debug|Any CPU.ActiveCfg = Debug|Any CPU
		{069B8621-6323-4C13-9787-A8A898469053}.Debug|Any CPU.Build.0 = Debug|Any CPU
		{069B8621-6323-4C13-9787-A8A898469053}.Release|Any CPU.ActiveCfg = Release|Any CPU
		{069B8621-6323-4C13-9787-A8A898469053}.Release|Any CPU.Build.0 = Release|Any CPU
		{47859159-38D1-4B87-8D99-F9CEB2EC651E}.Debug|Any CPU.ActiveCfg = Debug|Any CPU
		{47859159-38D1-4B87-8D99-F9CEB2EC651E}.Debug|Any CPU.Build.0 = Debug|Any CPU
		{47859159-38D1-4B87-8D99-F9CEB2EC651E}.Release|Any CPU.ActiveCfg = Release|Any CPU
		{47859159-38D1-4B87-8D99-F9CEB2EC651E}.Release|Any CPU.Build.0 = Release|Any CPU
		{5E9B4ED2-C35C-40BE-8708-7F9F60B6A90C}.Debug|Any CPU.ActiveCfg = Debug|Any CPU
		{5E9B4ED2-C35C-40BE-8708-7F9F60B6A90C}.Debug|Any CPU.Build.0 = Debug|Any CPU
		{5E9B4ED2-C35C-40BE-8708-7F9F60B6A90C}.Release|Any CPU.ActiveCfg = Release|Any CPU
		{5E9B4ED2-C35C-40BE-8708-7F9F60B6A90C}.Release|Any CPU.Build.0 = Release|Any CPU
	EndGlobalSection
	GlobalSection(SolutionProperties) = preSolution
		HideSolutionNode = FALSE
	EndGlobalSection
	GlobalSection(ExtensibilityGlobals) = postSolution
		SolutionGuid = {0A807B99-1AB6-4F55-B3F6-93176140AEB5}
	EndGlobalSection
EndGlobal
